
Microsoft Visual Studio Solution File, Format Version 12.00
# Visual Studio Version 17
VisualStudioVersion = 17.4.33110.190
MinimumVisualStudioVersion = 10.0.40219.1
Project("{FAE04EC0-301F-11D3-BF4B-00C04F79EFBC}") = "WpfApp2", "WpfApp2\WpfApp2.csproj", "{3BAF9329-4947-4D21-8E6B-470ED8542E38}"
EndProject
Global
	GlobalSection(SolutionConfigurationPlatforms) = preSolution
		Debug|Any CPU = Debug|Any CPU
		Release|Any CPU = Release|Any CPU
	EndGlobalSection
	GlobalSection(ProjectConfigurationPlatforms) = postSolution
		{3BAF9329-4947-4D21-8E6B-470ED8542E38}.Debug|Any CPU.ActiveCfg = Debug|Any CPU
		{3BAF9329-4947-4D21-8E6B-470ED8542E38}.Debug|Any CPU.Build.0 = Debug|Any CPU
		{3BAF9329-4947-4D21-8E6B-470ED8542E38}.Release|Any CPU.ActiveCfg = Release|Any CPU
		{3BAF9329-4947-4D21-8E6B-470ED8542E38}.Release|Any CPU.Build.0 = Release|Any CPU
	EndGlobalSection
	GlobalSection(SolutionProperties) = preSolution
		HideSolutionNode = FALSE
	EndGlobalSection
	GlobalSection(ExtensibilityGlobals) = postSolution
		SolutionGuid = {A64956E3-E2D4-4AFF-8E00-12183AB0DAD4}
	EndGlobalSection
EndGlobal
